
Microsoft Visual Studio Solution File, Format Version 12.00
# Visual Studio 15
VisualStudioVersion = 15.0.26730.10
MinimumVisualStudioVersion = 10.0.40219.1
Project("{2150E333-8FDC-42A3-9474-1A3956D46DE8}") = "Scraper", "Scraper", "{19235B76-EE2F-4343-AA08-47615EC684EC}"
EndProject
Project("{2150E333-8FDC-42A3-9474-1A3956D46DE8}") = "Services", "Services", "{710EC1C2-88E8-4D5C-A2DA-89C321CB7D48}"
EndProject
Project("{9A19103F-16F7-4668-BE54-9A1E7A4F7556}") = "Promitor.Scraper.Tests.Unit", "Promitor.Scraper.Tests.Unit\Promitor.Scraper.Tests.Unit.csproj", "{D53C3256-A239-4FA9-8B54-56487570EE33}"
EndProject
Project("{2150E333-8FDC-42A3-9474-1A3956D46DE8}") = "Tests", "Tests", "{34CA9F50-3DF7-490F-A22F-A7C63650F8AB}"
EndProject
Project("{9A19103F-16F7-4668-BE54-9A1E7A4F7556}") = "Promitor.Core.Telemetry", "Promitor.Core.Telemetry\Promitor.Core.Telemetry.csproj", "{EF19E7C2-271B-4651-BF70-0AC4E0834463}"
EndProject
Project("{9A19103F-16F7-4668-BE54-9A1E7A4F7556}") = "Promitor.Scraper.Host", "Promitor.Scraper.Host\Promitor.Scraper.Host.csproj", "{D4428510-993A-44F1-A8B2-63EE497327D7}"
EndProject
Project("{E53339B2-1760-4266-BCC7-CA923CBCF16C}") = "docker-compose", "docker-compose.dcproj", "{D61A88B9-F9BB-43E2-ABD3-754E3ED32317}"
EndProject
Project("{2150E333-8FDC-42A3-9474-1A3956D46DE8}") = "Samples", "Samples", "{783A67B3-B14F-414C-9471-BCF69EBADA17}"
	ProjectSection(SolutionItems) = preProject
		..\samples\promitor-sample.yaml = ..\samples\promitor-sample.yaml
	EndProjectSection
EndProject
Project("{2150E333-8FDC-42A3-9474-1A3956D46DE8}") = "Core", "Core", "{05524B1B-9965-4E36-9626-A2823B8588AA}"
EndProject
Project("{9A19103F-16F7-4668-BE54-9A1E7A4F7556}") = "Promitor.Integrations.AzureMonitor", "Promitor.Integrations.AzureMonitor\Promitor.Integrations.AzureMonitor.csproj", "{E39EA07D-C6E3-4D5A-8748-DB0CB8E08C1F}"
EndProject
Project("{2150E333-8FDC-42A3-9474-1A3956D46DE8}") = "Integrations", "Integrations", "{59D7FFBC-3929-48AD-8C9C-242280D01CBD}"
EndProject
Global
	GlobalSection(SolutionConfigurationPlatforms) = preSolution
		Debug|Any CPU = Debug|Any CPU
		Release|Any CPU = Release|Any CPU
	EndGlobalSection
	GlobalSection(ProjectConfigurationPlatforms) = postSolution
		{D53C3256-A239-4FA9-8B54-56487570EE33}.Debug|Any CPU.ActiveCfg = Debug|Any CPU
		{D53C3256-A239-4FA9-8B54-56487570EE33}.Debug|Any CPU.Build.0 = Debug|Any CPU
		{D53C3256-A239-4FA9-8B54-56487570EE33}.Release|Any CPU.ActiveCfg = Release|Any CPU
		{D53C3256-A239-4FA9-8B54-56487570EE33}.Release|Any CPU.Build.0 = Release|Any CPU
		{EF19E7C2-271B-4651-BF70-0AC4E0834463}.Debug|Any CPU.ActiveCfg = Debug|Any CPU
		{EF19E7C2-271B-4651-BF70-0AC4E0834463}.Debug|Any CPU.Build.0 = Debug|Any CPU
		{EF19E7C2-271B-4651-BF70-0AC4E0834463}.Release|Any CPU.ActiveCfg = Release|Any CPU
		{EF19E7C2-271B-4651-BF70-0AC4E0834463}.Release|Any CPU.Build.0 = Release|Any CPU
		{D4428510-993A-44F1-A8B2-63EE497327D7}.Debug|Any CPU.ActiveCfg = Debug|Any CPU
		{D4428510-993A-44F1-A8B2-63EE497327D7}.Debug|Any CPU.Build.0 = Debug|Any CPU
		{D4428510-993A-44F1-A8B2-63EE497327D7}.Release|Any CPU.ActiveCfg = Release|Any CPU
		{D4428510-993A-44F1-A8B2-63EE497327D7}.Release|Any CPU.Build.0 = Release|Any CPU
		{D61A88B9-F9BB-43E2-ABD3-754E3ED32317}.Debug|Any CPU.ActiveCfg = Debug|Any CPU
		{D61A88B9-F9BB-43E2-ABD3-754E3ED32317}.Debug|Any CPU.Build.0 = Debug|Any CPU
		{D61A88B9-F9BB-43E2-ABD3-754E3ED32317}.Release|Any CPU.ActiveCfg = Release|Any CPU
		{E39EA07D-C6E3-4D5A-8748-DB0CB8E08C1F}.Debug|Any CPU.ActiveCfg = Debug|Any CPU
		{E39EA07D-C6E3-4D5A-8748-DB0CB8E08C1F}.Debug|Any CPU.Build.0 = Debug|Any CPU
		{E39EA07D-C6E3-4D5A-8748-DB0CB8E08C1F}.Release|Any CPU.ActiveCfg = Release|Any CPU
		{E39EA07D-C6E3-4D5A-8748-DB0CB8E08C1F}.Release|Any CPU.Build.0 = Release|Any CPU
	EndGlobalSection
	GlobalSection(SolutionProperties) = preSolution
		HideSolutionNode = FALSE
	EndGlobalSection
	GlobalSection(NestedProjects) = preSolution
		{19235B76-EE2F-4343-AA08-47615EC684EC} = {710EC1C2-88E8-4D5C-A2DA-89C321CB7D48}
		{D53C3256-A239-4FA9-8B54-56487570EE33} = {34CA9F50-3DF7-490F-A22F-A7C63650F8AB}
		{EF19E7C2-271B-4651-BF70-0AC4E0834463} = {05524B1B-9965-4E36-9626-A2823B8588AA}
		{D4428510-993A-44F1-A8B2-63EE497327D7} = {19235B76-EE2F-4343-AA08-47615EC684EC}
		{E39EA07D-C6E3-4D5A-8748-DB0CB8E08C1F} = {59D7FFBC-3929-48AD-8C9C-242280D01CBD}
	EndGlobalSection
	GlobalSection(ExtensibilityGlobals) = postSolution
		SolutionGuid = {B47A777A-C793-453F-8F4F-7703551DFC4C}
	EndGlobalSection
EndGlobal
