
Microsoft Visual Studio Solution File, Format Version 12.00
# Visual Studio Version 17
VisualStudioVersion = 17.2.32505.173
MinimumVisualStudioVersion = 10.0.40219.1
Project("{2150E333-8FDC-42A3-9474-1A3956D46DE8}") = "Agents", "Agents", "{710EC1C2-88E8-4D5C-A2DA-89C321CB7D48}"
EndProject
Project("{9A19103F-16F7-4668-BE54-9A1E7A4F7556}") = "Promitor.Tests.Unit", "Promitor.Tests.Unit\Promitor.Tests.Unit.csproj", "{D53C3256-A239-4FA9-8B54-56487570EE33}"
EndProject
Project("{2150E333-8FDC-42A3-9474-1A3956D46DE8}") = "Tests", "Tests", "{34CA9F50-3DF7-490F-A22F-A7C63650F8AB}"
EndProject
Project("{E53339B2-1760-4266-BCC7-CA923CBCF16C}") = "Promitor.Docker", "Promitor.Docker.dcproj", "{D61A88B9-F9BB-43E2-ABD3-754E3ED32317}"
EndProject
Project("{2150E333-8FDC-42A3-9474-1A3956D46DE8}") = "Core", "Core", "{05524B1B-9965-4E36-9626-A2823B8588AA}"
EndProject
Project("{9A19103F-16F7-4668-BE54-9A1E7A4F7556}") = "Promitor.Integrations.AzureMonitor", "Promitor.Integrations.AzureMonitor\Promitor.Integrations.AzureMonitor.csproj", "{E39EA07D-C6E3-4D5A-8748-DB0CB8E08C1F}"
EndProject
Project("{2150E333-8FDC-42A3-9474-1A3956D46DE8}") = "Integrations", "Integrations", "{59D7FFBC-3929-48AD-8C9C-242280D01CBD}"
EndProject
Project("{2150E333-8FDC-42A3-9474-1A3956D46DE8}") = "App", "App", "{9D006E55-567F-4521-9366-490679CA00BF}"
EndProject
Project("{9A19103F-16F7-4668-BE54-9A1E7A4F7556}") = "Promitor.Core.Scraping", "Promitor.Core.Scraping\Promitor.Core.Scraping.csproj", "{C3ADE514-95AD-4FDD-8577-45F7EADB4A23}"
EndProject
Project("{9A19103F-16F7-4668-BE54-9A1E7A4F7556}") = "Promitor.Core", "Promitor.Core\Promitor.Core.csproj", "{FCFD60ED-3389-42A1-9B1A-4F2D30DCDA8B}"
EndProject
Project("{9A19103F-16F7-4668-BE54-9A1E7A4F7556}") = "Promitor.Integrations.AzureStorage", "Promitor.Integrations.AzureStorage\Promitor.Integrations.AzureStorage.csproj", "{F929434C-07FB-4B55-A8EE-5C77D8B49809}"
EndProject
Project("{2150E333-8FDC-42A3-9474-1A3956D46DE8}") = "Solution Items", "Solution Items", "{B65C1C71-7334-4B28-B42E-EA5924CEAA84}"
	ProjectSection(SolutionItems) = preProject
		Promitor.sln.DotSettings = Promitor.sln.DotSettings
	EndProjectSection
EndProject
Project("{2150E333-8FDC-42A3-9474-1A3956D46DE8}") = "Config", "Config", "{1C184DB7-C5E5-41F4-9E0C-8A798B9ED0CA}"
EndProject
Project("{9A19103F-16F7-4668-BE54-9A1E7A4F7556}") = "Promitor.Agents.Scraper", "Promitor.Agents.Scraper\Promitor.Agents.Scraper.csproj", "{07161A83-6952-4FA4-B84C-59D766569BAF}"
EndProject
Project("{9A19103F-16F7-4668-BE54-9A1E7A4F7556}") = "Promitor.Agents.ResourceDiscovery", "Promitor.Agents.ResourceDiscovery\Promitor.Agents.ResourceDiscovery.csproj", "{9E0B94B6-6D31-4B91-B2C6-B9F0B28837E3}"
EndProject
Project("{9A19103F-16F7-4668-BE54-9A1E7A4F7556}") = "Promitor.Agents.Core", "Promitor.Agents.Core\Promitor.Agents.Core.csproj", "{CDC2F68B-52FE-4299-ACED-D01E2477727C}"
EndProject
Project("{9A19103F-16F7-4668-BE54-9A1E7A4F7556}") = "Promitor.Tests.Integration", "Promitor.Tests.Integration\Promitor.Tests.Integration.csproj", "{B3079BB2-2B5D-4E04-9570-99F86C4352D2}"
EndProject
Project("{9A19103F-16F7-4668-BE54-9A1E7A4F7556}") = "Promitor.Integrations.Sinks.Statsd", "Promitor.Integrations.Sinks.Statsd\Promitor.Integrations.Sinks.Statsd.csproj", "{7FA0C5E6-2DB5-4A94-B2B0-4A85BD1BA803}"
EndProject
Project("{9A19103F-16F7-4668-BE54-9A1E7A4F7556}") = "Promitor.Integrations.Sinks.Prometheus", "Promitor.Integrations.Sinks.Prometheus\Promitor.Integrations.Sinks.Prometheus.csproj", "{AE08087F-866D-42E2-BE25-0D09326DDE85}"
EndProject
Project("{2150E333-8FDC-42A3-9474-1A3956D46DE8}") = "Scraper", "Scraper", "{EE3BDE48-B756-481F-B5BB-857569568878}"
	ProjectSection(SolutionItems) = preProject
		..\config\promitor\scraper\metrics.yaml = ..\config\promitor\scraper\metrics.yaml
		..\config\promitor\scraper\runtime.yaml = ..\config\promitor\scraper\runtime.yaml
	EndProjectSection
EndProject
Project("{2150E333-8FDC-42A3-9474-1A3956D46DE8}") = "Discovery", "Discovery", "{33D4263D-DDDC-4ECC-BB25-834DE9979C7C}"
	ProjectSection(SolutionItems) = preProject
		..\config\promitor\resource-discovery\resource-discovery-declaration.yaml = ..\config\promitor\resource-discovery\resource-discovery-declaration.yaml
		..\config\promitor\resource-discovery\runtime.yaml = ..\config\promitor\resource-discovery\runtime.yaml
	EndProjectSection
EndProject
Project("{9A19103F-16F7-4668-BE54-9A1E7A4F7556}") = "Promitor.Core.Contracts", "Promitor.Core.Contracts\Promitor.Core.Contracts.csproj", "{EE3568F2-BB20-4BD2-BD21-AE43E5B1EB77}"
EndProject
Project("{9A19103F-16F7-4668-BE54-9A1E7A4F7556}") = "Promitor.Integrations.Sinks.Atlassian.Statuspage", "Promitor.Integrations.Sinks.Atlassian.Statuspage\Promitor.Integrations.Sinks.Atlassian.Statuspage.csproj", "{B30E58FF-47AD-41FC-94D2-DE4B9B6AD06B}"
EndProject
Project("{9A19103F-16F7-4668-BE54-9A1E7A4F7556}") = "Promitor.Integrations.Azure", "Promitor.Integrations.Azure\Promitor.Integrations.Azure.csproj", "{3D8F595A-3F37-4C20-A20E-6CF4ED06F298}"
EndProject
Project("{9A19103F-16F7-4668-BE54-9A1E7A4F7556}") = "Promitor.Integrations.Sinks.OpenTelemetry", "Promitor.Integrations.Sinks.OpenTelemetry\Promitor.Integrations.Sinks.OpenTelemetry.csproj", "{0C2DD710-EA3A-49D2-8DED-7303FFF1F957}"
EndProject
Project("{2150E333-8FDC-42A3-9474-1A3956D46DE8}") = "Grafana", "Grafana", "{961DBAFB-900C-4C09-94F5-642313A5DEFD}"
	ProjectSection(SolutionItems) = preProject
		..\config\grafana\dashboard-config.json = ..\config\grafana\dashboard-config.json
		..\config\grafana\dashboards.yml = ..\config\grafana\dashboards.yml
		..\config\grafana\datasources.yml = ..\config\grafana\datasources.yml
		..\config\grafana\grafana.ini = ..\config\grafana\grafana.ini
	EndProjectSection
EndProject
Project("{2150E333-8FDC-42A3-9474-1A3956D46DE8}") = "Prometheus", "Prometheus", "{614F1E5A-0E5C-4189-9B1C-FD596A959CBF}"
	ProjectSection(SolutionItems) = preProject
		..\config\prometheus\prometheus.yml = ..\config\prometheus\prometheus.yml
	EndProjectSection
EndProject
Project("{2150E333-8FDC-42A3-9474-1A3956D46DE8}") = "OpenTelemetry", "OpenTelemetry", "{F6988AF7-6E1E-431B-B2A4-C485D5E8CF64}"
	ProjectSection(SolutionItems) = preProject
		..\config\opentelemetry-collector\collector-config.yaml = ..\config\opentelemetry-collector\collector-config.yaml
	EndProjectSection
EndProject
Project("{9A19103F-16F7-4668-BE54-9A1E7A4F7556}") = "Promitor.Integrations.LogAnalytics", "Promitor.Integrations.LogAnalytics\Promitor.Integrations.LogAnalytics.csproj", "{2427547B-090A-460D-A631-A41D71545281}"
EndProject
Project("{9A19103F-16F7-4668-BE54-9A1E7A4F7556}") = "Promitor.Integrations.Sinks.Core", "Promitor.Integrations.Sinks.Core\Promitor.Integrations.Sinks.Core.csproj", "{25F056A7-481E-48E1-A22B-1D13BB4F4239}"
EndProject
Global
	GlobalSection(SolutionConfigurationPlatforms) = preSolution
		Debug|Any CPU = Debug|Any CPU
		Release|Any CPU = Release|Any CPU
	EndGlobalSection
	GlobalSection(ProjectConfigurationPlatforms) = postSolution
		{D53C3256-A239-4FA9-8B54-56487570EE33}.Debug|Any CPU.ActiveCfg = Debug|Any CPU
		{D53C3256-A239-4FA9-8B54-56487570EE33}.Debug|Any CPU.Build.0 = Debug|Any CPU
		{D53C3256-A239-4FA9-8B54-56487570EE33}.Release|Any CPU.ActiveCfg = Release|Any CPU
		{D53C3256-A239-4FA9-8B54-56487570EE33}.Release|Any CPU.Build.0 = Release|Any CPU
		{D61A88B9-F9BB-43E2-ABD3-754E3ED32317}.Debug|Any CPU.ActiveCfg = Debug|Any CPU
		{D61A88B9-F9BB-43E2-ABD3-754E3ED32317}.Debug|Any CPU.Build.0 = Debug|Any CPU
		{D61A88B9-F9BB-43E2-ABD3-754E3ED32317}.Release|Any CPU.ActiveCfg = Release|Any CPU
		{E39EA07D-C6E3-4D5A-8748-DB0CB8E08C1F}.Debug|Any CPU.ActiveCfg = Debug|Any CPU
		{E39EA07D-C6E3-4D5A-8748-DB0CB8E08C1F}.Debug|Any CPU.Build.0 = Debug|Any CPU
		{E39EA07D-C6E3-4D5A-8748-DB0CB8E08C1F}.Release|Any CPU.ActiveCfg = Release|Any CPU
		{E39EA07D-C6E3-4D5A-8748-DB0CB8E08C1F}.Release|Any CPU.Build.0 = Release|Any CPU
		{C3ADE514-95AD-4FDD-8577-45F7EADB4A23}.Debug|Any CPU.ActiveCfg = Debug|Any CPU
		{C3ADE514-95AD-4FDD-8577-45F7EADB4A23}.Debug|Any CPU.Build.0 = Debug|Any CPU
		{C3ADE514-95AD-4FDD-8577-45F7EADB4A23}.Release|Any CPU.ActiveCfg = Release|Any CPU
		{C3ADE514-95AD-4FDD-8577-45F7EADB4A23}.Release|Any CPU.Build.0 = Release|Any CPU
		{FCFD60ED-3389-42A1-9B1A-4F2D30DCDA8B}.Debug|Any CPU.ActiveCfg = Debug|Any CPU
		{FCFD60ED-3389-42A1-9B1A-4F2D30DCDA8B}.Debug|Any CPU.Build.0 = Debug|Any CPU
		{FCFD60ED-3389-42A1-9B1A-4F2D30DCDA8B}.Release|Any CPU.ActiveCfg = Release|Any CPU
		{FCFD60ED-3389-42A1-9B1A-4F2D30DCDA8B}.Release|Any CPU.Build.0 = Release|Any CPU
		{F929434C-07FB-4B55-A8EE-5C77D8B49809}.Debug|Any CPU.ActiveCfg = Debug|Any CPU
		{F929434C-07FB-4B55-A8EE-5C77D8B49809}.Debug|Any CPU.Build.0 = Debug|Any CPU
		{F929434C-07FB-4B55-A8EE-5C77D8B49809}.Release|Any CPU.ActiveCfg = Release|Any CPU
		{F929434C-07FB-4B55-A8EE-5C77D8B49809}.Release|Any CPU.Build.0 = Release|Any CPU
		{07161A83-6952-4FA4-B84C-59D766569BAF}.Debug|Any CPU.ActiveCfg = Debug|Any CPU
		{07161A83-6952-4FA4-B84C-59D766569BAF}.Debug|Any CPU.Build.0 = Debug|Any CPU
		{07161A83-6952-4FA4-B84C-59D766569BAF}.Release|Any CPU.ActiveCfg = Release|Any CPU
		{07161A83-6952-4FA4-B84C-59D766569BAF}.Release|Any CPU.Build.0 = Release|Any CPU
		{9E0B94B6-6D31-4B91-B2C6-B9F0B28837E3}.Debug|Any CPU.ActiveCfg = Debug|Any CPU
		{9E0B94B6-6D31-4B91-B2C6-B9F0B28837E3}.Debug|Any CPU.Build.0 = Debug|Any CPU
		{9E0B94B6-6D31-4B91-B2C6-B9F0B28837E3}.Release|Any CPU.ActiveCfg = Release|Any CPU
		{9E0B94B6-6D31-4B91-B2C6-B9F0B28837E3}.Release|Any CPU.Build.0 = Release|Any CPU
		{CDC2F68B-52FE-4299-ACED-D01E2477727C}.Debug|Any CPU.ActiveCfg = Debug|Any CPU
		{CDC2F68B-52FE-4299-ACED-D01E2477727C}.Debug|Any CPU.Build.0 = Debug|Any CPU
		{CDC2F68B-52FE-4299-ACED-D01E2477727C}.Release|Any CPU.ActiveCfg = Release|Any CPU
		{CDC2F68B-52FE-4299-ACED-D01E2477727C}.Release|Any CPU.Build.0 = Release|Any CPU
		{B3079BB2-2B5D-4E04-9570-99F86C4352D2}.Debug|Any CPU.ActiveCfg = Debug|Any CPU
		{B3079BB2-2B5D-4E04-9570-99F86C4352D2}.Debug|Any CPU.Build.0 = Debug|Any CPU
		{B3079BB2-2B5D-4E04-9570-99F86C4352D2}.Release|Any CPU.ActiveCfg = Release|Any CPU
		{B3079BB2-2B5D-4E04-9570-99F86C4352D2}.Release|Any CPU.Build.0 = Release|Any CPU
		{7FA0C5E6-2DB5-4A94-B2B0-4A85BD1BA803}.Debug|Any CPU.ActiveCfg = Debug|Any CPU
		{7FA0C5E6-2DB5-4A94-B2B0-4A85BD1BA803}.Debug|Any CPU.Build.0 = Debug|Any CPU
		{7FA0C5E6-2DB5-4A94-B2B0-4A85BD1BA803}.Release|Any CPU.ActiveCfg = Release|Any CPU
		{7FA0C5E6-2DB5-4A94-B2B0-4A85BD1BA803}.Release|Any CPU.Build.0 = Release|Any CPU
		{AE08087F-866D-42E2-BE25-0D09326DDE85}.Debug|Any CPU.ActiveCfg = Debug|Any CPU
		{AE08087F-866D-42E2-BE25-0D09326DDE85}.Debug|Any CPU.Build.0 = Debug|Any CPU
		{AE08087F-866D-42E2-BE25-0D09326DDE85}.Release|Any CPU.ActiveCfg = Release|Any CPU
		{AE08087F-866D-42E2-BE25-0D09326DDE85}.Release|Any CPU.Build.0 = Release|Any CPU
		{EE3568F2-BB20-4BD2-BD21-AE43E5B1EB77}.Debug|Any CPU.ActiveCfg = Debug|Any CPU
		{EE3568F2-BB20-4BD2-BD21-AE43E5B1EB77}.Debug|Any CPU.Build.0 = Debug|Any CPU
		{EE3568F2-BB20-4BD2-BD21-AE43E5B1EB77}.Release|Any CPU.ActiveCfg = Release|Any CPU
		{EE3568F2-BB20-4BD2-BD21-AE43E5B1EB77}.Release|Any CPU.Build.0 = Release|Any CPU
		{B30E58FF-47AD-41FC-94D2-DE4B9B6AD06B}.Debug|Any CPU.ActiveCfg = Debug|Any CPU
		{B30E58FF-47AD-41FC-94D2-DE4B9B6AD06B}.Debug|Any CPU.Build.0 = Debug|Any CPU
		{B30E58FF-47AD-41FC-94D2-DE4B9B6AD06B}.Release|Any CPU.ActiveCfg = Release|Any CPU
		{B30E58FF-47AD-41FC-94D2-DE4B9B6AD06B}.Release|Any CPU.Build.0 = Release|Any CPU
		{3D8F595A-3F37-4C20-A20E-6CF4ED06F298}.Debug|Any CPU.ActiveCfg = Debug|Any CPU
		{3D8F595A-3F37-4C20-A20E-6CF4ED06F298}.Debug|Any CPU.Build.0 = Debug|Any CPU
		{3D8F595A-3F37-4C20-A20E-6CF4ED06F298}.Release|Any CPU.ActiveCfg = Release|Any CPU
		{3D8F595A-3F37-4C20-A20E-6CF4ED06F298}.Release|Any CPU.Build.0 = Release|Any CPU
		{0C2DD710-EA3A-49D2-8DED-7303FFF1F957}.Debug|Any CPU.ActiveCfg = Debug|Any CPU
		{0C2DD710-EA3A-49D2-8DED-7303FFF1F957}.Debug|Any CPU.Build.0 = Debug|Any CPU
		{0C2DD710-EA3A-49D2-8DED-7303FFF1F957}.Release|Any CPU.ActiveCfg = Release|Any CPU
		{0C2DD710-EA3A-49D2-8DED-7303FFF1F957}.Release|Any CPU.Build.0 = Release|Any CPU
		{2427547B-090A-460D-A631-A41D71545281}.Debug|Any CPU.ActiveCfg = Debug|Any CPU
		{2427547B-090A-460D-A631-A41D71545281}.Debug|Any CPU.Build.0 = Debug|Any CPU
		{2427547B-090A-460D-A631-A41D71545281}.Release|Any CPU.ActiveCfg = Release|Any CPU
		{2427547B-090A-460D-A631-A41D71545281}.Release|Any CPU.Build.0 = Release|Any CPU
		{25F056A7-481E-48E1-A22B-1D13BB4F4239}.Debug|Any CPU.ActiveCfg = Debug|Any CPU
		{25F056A7-481E-48E1-A22B-1D13BB4F4239}.Debug|Any CPU.Build.0 = Debug|Any CPU
		{25F056A7-481E-48E1-A22B-1D13BB4F4239}.Release|Any CPU.ActiveCfg = Release|Any CPU
		{25F056A7-481E-48E1-A22B-1D13BB4F4239}.Release|Any CPU.Build.0 = Release|Any CPU
	EndGlobalSection
	GlobalSection(SolutionProperties) = preSolution
		HideSolutionNode = FALSE
	EndGlobalSection
	GlobalSection(NestedProjects) = preSolution
		{710EC1C2-88E8-4D5C-A2DA-89C321CB7D48} = {9D006E55-567F-4521-9366-490679CA00BF}
		{D53C3256-A239-4FA9-8B54-56487570EE33} = {34CA9F50-3DF7-490F-A22F-A7C63650F8AB}
		{05524B1B-9965-4E36-9626-A2823B8588AA} = {9D006E55-567F-4521-9366-490679CA00BF}
		{E39EA07D-C6E3-4D5A-8748-DB0CB8E08C1F} = {59D7FFBC-3929-48AD-8C9C-242280D01CBD}
		{59D7FFBC-3929-48AD-8C9C-242280D01CBD} = {9D006E55-567F-4521-9366-490679CA00BF}
		{C3ADE514-95AD-4FDD-8577-45F7EADB4A23} = {05524B1B-9965-4E36-9626-A2823B8588AA}
		{FCFD60ED-3389-42A1-9B1A-4F2D30DCDA8B} = {05524B1B-9965-4E36-9626-A2823B8588AA}
		{F929434C-07FB-4B55-A8EE-5C77D8B49809} = {59D7FFBC-3929-48AD-8C9C-242280D01CBD}
		{07161A83-6952-4FA4-B84C-59D766569BAF} = {710EC1C2-88E8-4D5C-A2DA-89C321CB7D48}
		{9E0B94B6-6D31-4B91-B2C6-B9F0B28837E3} = {710EC1C2-88E8-4D5C-A2DA-89C321CB7D48}
		{CDC2F68B-52FE-4299-ACED-D01E2477727C} = {710EC1C2-88E8-4D5C-A2DA-89C321CB7D48}
		{B3079BB2-2B5D-4E04-9570-99F86C4352D2} = {34CA9F50-3DF7-490F-A22F-A7C63650F8AB}
		{7FA0C5E6-2DB5-4A94-B2B0-4A85BD1BA803} = {59D7FFBC-3929-48AD-8C9C-242280D01CBD}
		{AE08087F-866D-42E2-BE25-0D09326DDE85} = {59D7FFBC-3929-48AD-8C9C-242280D01CBD}
		{EE3BDE48-B756-481F-B5BB-857569568878} = {1C184DB7-C5E5-41F4-9E0C-8A798B9ED0CA}
		{33D4263D-DDDC-4ECC-BB25-834DE9979C7C} = {1C184DB7-C5E5-41F4-9E0C-8A798B9ED0CA}
		{EE3568F2-BB20-4BD2-BD21-AE43E5B1EB77} = {05524B1B-9965-4E36-9626-A2823B8588AA}
		{B30E58FF-47AD-41FC-94D2-DE4B9B6AD06B} = {59D7FFBC-3929-48AD-8C9C-242280D01CBD}
		{3D8F595A-3F37-4C20-A20E-6CF4ED06F298} = {59D7FFBC-3929-48AD-8C9C-242280D01CBD}
		{0C2DD710-EA3A-49D2-8DED-7303FFF1F957} = {59D7FFBC-3929-48AD-8C9C-242280D01CBD}
		{961DBAFB-900C-4C09-94F5-642313A5DEFD} = {1C184DB7-C5E5-41F4-9E0C-8A798B9ED0CA}
		{614F1E5A-0E5C-4189-9B1C-FD596A959CBF} = {1C184DB7-C5E5-41F4-9E0C-8A798B9ED0CA}
		{F6988AF7-6E1E-431B-B2A4-C485D5E8CF64} = {1C184DB7-C5E5-41F4-9E0C-8A798B9ED0CA}
		{2427547B-090A-460D-A631-A41D71545281} = {59D7FFBC-3929-48AD-8C9C-242280D01CBD}
		{25F056A7-481E-48E1-A22B-1D13BB4F4239} = {59D7FFBC-3929-48AD-8C9C-242280D01CBD}
	EndGlobalSection
	GlobalSection(ExtensibilityGlobals) = postSolution
		SolutionGuid = {B47A777A-C793-453F-8F4F-7703551DFC4C}
	EndGlobalSection
EndGlobal
